
Microsoft Visual Studio Solution File, Format Version 12.00
# Visual Studio Version 17
VisualStudioVersion = 17.7.34031.279
MinimumVisualStudioVersion = 10.0.40219.1
Project("{FAE04EC0-301F-11D3-BF4B-00C04F79EFBC}") = "Inventory", "WindowsFormsApp2\Inventory.csproj", "{AF8B4102-D564-45CB-8D4E-72AF5040E0BA}"
EndProject
Global
	GlobalSection(SolutionConfigurationPlatforms) = preSolution
		Debug|Any CPU = Debug|Any CPU
		Release|Any CPU = Release|Any CPU
	EndGlobalSection
	GlobalSection(ProjectConfigurationPlatforms) = postSolution
		{AF8B4102-D564-45CB-8D4E-72AF5040E0BA}.Debug|Any CPU.ActiveCfg = Debug|Any CPU
		{AF8B4102-D564-45CB-8D4E-72AF5040E0BA}.Debug|Any CPU.Build.0 = Debug|Any CPU
		{AF8B4102-D564-45CB-8D4E-72AF5040E0BA}.Release|Any CPU.ActiveCfg = Release|Any CPU
		{AF8B4102-D564-45CB-8D4E-72AF5040E0BA}.Release|Any CPU.Build.0 = Release|Any CPU
	EndGlobalSection
	GlobalSection(SolutionProperties) = preSolution
		HideSolutionNode = FALSE
	EndGlobalSection
	GlobalSection(ExtensibilityGlobals) = postSolution
		SolutionGuid = {2BE92C6B-0EE9-476E-A373-03E1FB5AAE3B}
	EndGlobalSection
EndGlobal
